{
    "name": "typescript-workspaces-example",
    "lockfileVersion": 2,
    "requires": true,
    "packages": {
        "": {
            "name": "typescript-workspaces-example",
            "workspaces": [
                "app-2",
                "lib"
            ],
            "devDependencies": {
                "typescript": "^4.5.4"
            }
        },
        "app-2": {
            "devDependencies": {
                "typescript": "^4.5.4"
            }
        },
        "lib": {
            "devDependencies": {
                "typescript": "^4.5.4"
            }
        },
        "node_modules/app-2": {
            "resolved": "app-2",
            "link": true
        },
        "node_modules/lib": {
            "resolved": "lib",
            "link": true
        },
        "node_modules/typescript": {
            "version": "4.8.2",
            "resolved": "https://registry.npmjs.org/typescript/-/typescript-4.8.2.tgz",
            "integrity": "sha512-C0I1UsrrDHo2fYI5oaCGbSejwX4ch+9Y5jTQELvovfmFkK3HHSZJB8MSJcWLmCUBzQBchCrZ9rMRV6GuNrvGtw==",
            "dev": true,
            "bin": {
                "tsc": "bin/tsc",
                "tsserver": "bin/tsserver"
            },
            "engines": {
                "node": ">=4.2.0"
            }
        }
    },
    "dependencies": {
        "app-2": {
            "version": "file:app-2",
            "requires": {
                "typescript": "^4.5.4"
            }
        },
        "lib": {
            "version": "file:lib",
            "requires": {
                "typescript": "^4.5.4"
            }
        },
        "typescript": {
            "version": "4.8.2",
            "resolved": "https://registry.npmjs.org/typescript/-/typescript-4.8.2.tgz",
            "integrity": "sha512-C0I1UsrrDHo2fYI5oaCGbSejwX4ch+9Y5jTQELvovfmFkK3HHSZJB8MSJcWLmCUBzQBchCrZ9rMRV6GuNrvGtw==",
            "dev": true
        }
    }
}
